
Microsoft Visual Studio Solution File, Format Version 12.00
# Visual Studio Version 17
VisualStudioVersion = 17.4.33122.133
MinimumVisualStudioVersion = 10.0.40219.1
Project("{FAE04EC0-301F-11D3-BF4B-00C04F79EFBC}") = "SimpleCalculator", "SimpleCalculator\SimpleCalculator.csproj", "{43C8D1CC-6D87-42BC-A17F-8AABF02A8CF1}"
EndProject
Project("{FAE04EC0-301F-11D3-BF4B-00C04F79EFBC}") = "SimpleCalculator.Tests", "SimpleCalculator.Tests\SimpleCalculator.Tests.csproj", "{AE5DD83A-D7EC-4152-BF21-40C51BEAF088}"
EndProject
Global
	GlobalSection(SolutionConfigurationPlatforms) = preSolution
		Debug|Any CPU = Debug|Any CPU
		Release|Any CPU = Release|Any CPU
	EndGlobalSection
	GlobalSection(ProjectConfigurationPlatforms) = postSolution
		{43C8D1CC-6D87-42BC-A17F-8AABF02A8CF1}.Debug|Any CPU.ActiveCfg = Debug|Any CPU
		{43C8D1CC-6D87-42BC-A17F-8AABF02A8CF1}.Debug|Any CPU.Build.0 = Debug|Any CPU
		{43C8D1CC-6D87-42BC-A17F-8AABF02A8CF1}.Release|Any CPU.ActiveCfg = Release|Any CPU
		{43C8D1CC-6D87-42BC-A17F-8AABF02A8CF1}.Release|Any CPU.Build.0 = Release|Any CPU
		{AE5DD83A-D7EC-4152-BF21-40C51BEAF088}.Debug|Any CPU.ActiveCfg = Debug|Any CPU
		{AE5DD83A-D7EC-4152-BF21-40C51BEAF088}.Debug|Any CPU.Build.0 = Debug|Any CPU
		{AE5DD83A-D7EC-4152-BF21-40C51BEAF088}.Release|Any CPU.ActiveCfg = Release|Any CPU
		{AE5DD83A-D7EC-4152-BF21-40C51BEAF088}.Release|Any CPU.Build.0 = Release|Any CPU
	EndGlobalSection
	GlobalSection(SolutionProperties) = preSolution
		HideSolutionNode = FALSE
	EndGlobalSection
	GlobalSection(ExtensibilityGlobals) = postSolution
		SolutionGuid = {AF8E3875-9475-4780-8996-097BC601F63B}
	EndGlobalSection
EndGlobal
